// !$*UTF8*$!
{
	archiveVersion = 1;
	classes = {
	};
	objectVersion = 46;
	objects = {

/* Begin PBXBuildFile section */
		121D2F980D053636003EB4F4 /* chm_lib.c in Sources */ = {isa = PBXBuildFile; fileRef = 121D2F870D053636003EB4F4 /* chm_lib.c */; };
		121D2F990D053636003EB4F4 /* chm_lib.h in Headers */ = {isa = PBXBuildFile; fileRef = 121D2F880D053636003EB4F4 /* chm_lib.h */; };
		121D2F9A0D053636003EB4F4 /* lzx.c in Sources */ = {isa = PBXBuildFile; fileRef = 121D2F890D053636003EB4F4 /* lzx.c */; };
		121D2F9B0D053636003EB4F4 /* lzx.h in Headers */ = {isa = PBXBuildFile; fileRef = 121D2F8A0D053636003EB4F4 /* lzx.h */; };
		121D2FA00D053636003EB4F4 /* CHMDocument.m in Sources */ = {isa = PBXBuildFile; fileRef = 121D2F900D053636003EB4F4 /* CHMDocument.m */; };
		121D2FA10D053636003EB4F4 /* CHMDocument.h in Headers */ = {isa = PBXBuildFile; fileRef = 121D2F910D053636003EB4F4 /* CHMDocument.h */; };
		121D2FA20D053636003EB4F4 /* CHMContainer.m in Sources */ = {isa = PBXBuildFile; fileRef = 121D2F920D053636003EB4F4 /* CHMContainer.m */; };
		121D2FA30D053636003EB4F4 /* CHMContainer.h in Headers */ = {isa = PBXBuildFile; fileRef = 121D2F930D053636003EB4F4 /* CHMContainer.h */; };
		121D2FA40D053636003EB4F4 /* CHMTableOfContents.h in Headers */ = {isa = PBXBuildFile; fileRef = 121D2F940D053636003EB4F4 /* CHMTableOfContents.h */; };
		121D2FA50D053636003EB4F4 /* CHMTableOfContents.m in Sources */ = {isa = PBXBuildFile; fileRef = 121D2F950D053636003EB4F4 /* CHMTableOfContents.m */; };
		121D2FA60D053636003EB4F4 /* CHMTopic.h in Headers */ = {isa = PBXBuildFile; fileRef = 121D2F960D053636003EB4F4 /* CHMTopic.h */; };
		121D2FA70D053636003EB4F4 /* CHMTopic.m in Sources */ = {isa = PBXBuildFile; fileRef = 121D2F970D053636003EB4F4 /* CHMTopic.m */; };
		121D2FAA0D05364E003EB4F4 /* Cocoa.framework in Frameworks */ = {isa = PBXBuildFile; fileRef = 121D2FA80D05364E003EB4F4 /* Cocoa.framework */; };
		121D2FAD0D053736003EB4F4 /* prefix.pch in Headers */ = {isa = PBXBuildFile; fileRef = 121D2FAC0D053736003EB4F4 /* prefix.pch */; };
		123DB9CD0D07D322007FAFF3 /* LICENSE.rtf in Resources */ = {isa = PBXBuildFile; fileRef = 123DB9CC0D07D322007FAFF3 /* LICENSE.rtf */; };
		2C05A19C06CAA52B00D84F6F /* GeneratePreviewForURL.m in Sources */ = {isa = PBXBuildFile; fileRef = 2C05A19B06CAA52B00D84F6F /* GeneratePreviewForURL.m */; };
		61E3BCFB0870B4F2002186A0 /* GenerateThumbnailForURL.m in Sources */ = {isa = PBXBuildFile; fileRef = 61E3BCFA0870B4F2002186A0 /* GenerateThumbnailForURL.m */; };
		8D576312048677EA00EA77CD /* main.c in Sources */ = {isa = PBXBuildFile; fileRef = 08FB77B6FE84183AC02AAC07 /* main.c */; settings = {ATTRIBUTES = (); }; };
		8D576314048677EA00EA77CD /* CoreFoundation.framework in Frameworks */ = {isa = PBXBuildFile; fileRef = 0AA1909FFE8422F4C02AAC07 /* CoreFoundation.framework */; };
		8D5B49A804867FD3000E48DA /* InfoPlist.strings in Resources */ = {isa = PBXBuildFile; fileRef = 8D5B49A704867FD3000E48DA /* InfoPlist.strings */; };
		C86B05270671AA6E00DD9006 /* CoreServices.framework in Frameworks */ = {isa = PBXBuildFile; fileRef = C86B05260671AA6E00DD9006 /* CoreServices.framework */; };
		D7758E680E16B15700E20BAE /* CHMURLProtocol.h in Headers */ = {isa = PBXBuildFile; fileRef = D7758E660E16B15700E20BAE /* CHMURLProtocol.h */; };
		D7758E690E16B15700E20BAE /* CHMURLProtocol.m in Sources */ = {isa = PBXBuildFile; fileRef = D7758E670E16B15700E20BAE /* CHMURLProtocol.m */; };
		D7812FD40E16B2BB00BD7A13 /* QuickChmPageAdaptor.h in Headers */ = {isa = PBXBuildFile; fileRef = D7812FD20E16B2BB00BD7A13 /* QuickChmPageAdaptor.h */; };
		D7812FD50E16B2BB00BD7A13 /* QuickChmPageAdaptor.m in Sources */ = {isa = PBXBuildFile; fileRef = D7812FD30E16B2BB00BD7A13 /* QuickChmPageAdaptor.m */; };
		D78130570E16BCB800BD7A13 /* StringUtil.h in Headers */ = {isa = PBXBuildFile; fileRef = D78130550E16BCB800BD7A13 /* StringUtil.h */; };
		D78130580E16BCB800BD7A13 /* StringUtil.c in Sources */ = {isa = PBXBuildFile; fileRef = D78130560E16BCB800BD7A13 /* StringUtil.c */; };
		F28CFBFD0A3EC0AF000ABFF5 /* ApplicationServices.framework in Frameworks */ = {isa = PBXBuildFile; fileRef = F28CFBFC0A3EC0AF000ABFF5 /* ApplicationServices.framework */; };
		F28CFC030A3EC0C6000ABFF5 /* QuickLook.framework in Frameworks */ = {isa = PBXBuildFile; fileRef = F28CFC020A3EC0C6000ABFF5 /* QuickLook.framework */; };
/* End PBXBuildFile section */

/* Begin PBXFileReference section */
		089C167EFE841241C02AAC07 /* English */ = {isa = PBXFileReference; fileEncoding = 10; lastKnownFileType = text.plist.strings; name = English; path = English.lproj/InfoPlist.strings; sourceTree = "<group>"; };
		08FB77B6FE84183AC02AAC07 /* main.c */ = {isa = PBXFileReference; fileEncoding = 4; lastKnownFileType = sourcecode.c.c; path = main.c; sourceTree = "<group>"; };
		0AA1909FFE8422F4C02AAC07 /* CoreFoundation.framework */ = {isa = PBXFileReference; lastKnownFileType = wrapper.framework; name = CoreFoundation.framework; path = /System/Library/Frameworks/CoreFoundation.framework; sourceTree = "<absolute>"; };
		121D2F870D053636003EB4F4 /* chm_lib.c */ = {isa = PBXFileReference; fileEncoding = 4; lastKnownFileType = sourcecode.c.c; path = chm_lib.c; sourceTree = "<group>"; };
		121D2F880D053636003EB4F4 /* chm_lib.h */ = {isa = PBXFileReference; fileEncoding = 4; lastKnownFileType = sourcecode.c.h; path = chm_lib.h; sourceTree = "<group>"; };
		121D2F890D053636003EB4F4 /* lzx.c */ = {isa = PBXFileReference; fileEncoding = 4; lastKnownFileType = sourcecode.c.c; path = lzx.c; sourceTree = "<group>"; };
		121D2F8A0D053636003EB4F4 /* lzx.h */ = {isa = PBXFileReference; fileEncoding = 4; lastKnownFileType = sourcecode.c.h; path = lzx.h; sourceTree = "<group>"; };
		121D2F900D053636003EB4F4 /* CHMDocument.m */ = {isa = PBXFileReference; fileEncoding = 4; lastKnownFileType = sourcecode.c.objc; path = CHMDocument.m; sourceTree = "<group>"; };
		121D2F910D053636003EB4F4 /* CHMDocument.h */ = {isa = PBXFileReference; fileEncoding = 4; lastKnownFileType = sourcecode.c.h; path = CHMDocument.h; sourceTree = "<group>"; };
		121D2F920D053636003EB4F4 /* CHMContainer.m */ = {isa = PBXFileReference; fileEncoding = 4; lastKnownFileType = sourcecode.c.objc; path = CHMContainer.m; sourceTree = "<group>"; };
		121D2F930D053636003EB4F4 /* CHMContainer.h */ = {isa = PBXFileReference; fileEncoding = 4; lastKnownFileType = sourcecode.c.h; path = CHMContainer.h; sourceTree = "<group>"; };
		121D2F940D053636003EB4F4 /* CHMTableOfContents.h */ = {isa = PBXFileReference; fileEncoding = 4; lastKnownFileType = sourcecode.c.h; path = CHMTableOfContents.h; sourceTree = "<group>"; };
		121D2F950D053636003EB4F4 /* CHMTableOfContents.m */ = {isa = PBXFileReference; fileEncoding = 4; lastKnownFileType = sourcecode.c.objc; path = CHMTableOfContents.m; sourceTree = "<group>"; };
		121D2F960D053636003EB4F4 /* CHMTopic.h */ = {isa = PBXFileReference; fileEncoding = 4; lastKnownFileType = sourcecode.c.h; path = CHMTopic.h; sourceTree = "<group>"; };
		121D2F970D053636003EB4F4 /* CHMTopic.m */ = {isa = PBXFileReference; fileEncoding = 4; lastKnownFileType = sourcecode.c.objc; path = CHMTopic.m; sourceTree = "<group>"; };
		121D2FA80D05364E003EB4F4 /* Cocoa.framework */ = {isa = PBXFileReference; lastKnownFileType = wrapper.framework; name = Cocoa.framework; path = /System/Library/Frameworks/Cocoa.framework; sourceTree = "<absolute>"; };
		121D2FAC0D053736003EB4F4 /* prefix.pch */ = {isa = PBXFileReference; fileEncoding = 4; lastKnownFileType = sourcecode.c.h; path = prefix.pch; sourceTree = "<group>"; };
		123DB9CC0D07D322007FAFF3 /* LICENSE.rtf */ = {isa = PBXFileReference; lastKnownFileType = text.rtf; path = LICENSE.rtf; sourceTree = "<group>"; };
		2C05A19B06CAA52B00D84F6F /* GeneratePreviewForURL.m */ = {isa = PBXFileReference; fileEncoding = 4; lastKnownFileType = sourcecode.c.objc; path = GeneratePreviewForURL.m; sourceTree = "<group>"; };
		61E3BCFA0870B4F2002186A0 /* GenerateThumbnailForURL.m */ = {isa = PBXFileReference; fileEncoding = 30; lastKnownFileType = sourcecode.c.objc; path = GenerateThumbnailForURL.m; sourceTree = "<group>"; };
		8D576316048677EA00EA77CD /* quickchm.qlgenerator */ = {isa = PBXFileReference; explicitFileType = wrapper.cfbundle; includeInIndex = 0; path = quickchm.qlgenerator; sourceTree = BUILT_PRODUCTS_DIR; };
		8D576317048677EA00EA77CD /* Info.plist */ = {isa = PBXFileReference; fileEncoding = 4; lastKnownFileType = text.plist; path = Info.plist; sourceTree = "<group>"; };
		C86B05260671AA6E00DD9006 /* CoreServices.framework */ = {isa = PBXFileReference; lastKnownFileType = wrapper.framework; name = CoreServices.framework; path = /System/Library/Frameworks/CoreServices.framework; sourceTree = "<absolute>"; };
		D71D1A5B0E29E9D7007339A9 /* Readme.rtf */ = {isa = PBXFileReference; lastKnownFileType = text.rtf; path = Readme.rtf; sourceTree = "<group>"; };
		D7758E660E16B15700E20BAE /* CHMURLProtocol.h */ = {isa = PBXFileReference; fileEncoding = 4; lastKnownFileType = sourcecode.c.h; path = CHMURLProtocol.h; sourceTree = "<group>"; };
		D7758E670E16B15700E20BAE /* CHMURLProtocol.m */ = {isa = PBXFileReference; fileEncoding = 4; lastKnownFileType = sourcecode.c.objc; path = CHMURLProtocol.m; sourceTree = "<group>"; };
		D7812FD20E16B2BB00BD7A13 /* QuickChmPageAdaptor.h */ = {isa = PBXFileReference; fileEncoding = 4; lastKnownFileType = sourcecode.c.h; path = QuickChmPageAdaptor.h; sourceTree = "<group>"; };
		D7812FD30E16B2BB00BD7A13 /* QuickChmPageAdaptor.m */ = {isa = PBXFileReference; fileEncoding = 4; lastKnownFileType = sourcecode.c.objc; path = QuickChmPageAdaptor.m; sourceTree = "<group>"; };
		D78130550E16BCB800BD7A13 /* StringUtil.h */ = {isa = PBXFileReference; fileEncoding = 4; lastKnownFileType = sourcecode.c.h; path = StringUtil.h; sourceTree = "<group>"; };
		D78130560E16BCB800BD7A13 /* StringUtil.c */ = {isa = PBXFileReference; fileEncoding = 4; lastKnownFileType = sourcecode.c.c; path = StringUtil.c; sourceTree = "<group>"; };
		F28CFBFC0A3EC0AF000ABFF5 /* ApplicationServices.framework */ = {isa = PBXFileReference; lastKnownFileType = wrapper.framework; name = ApplicationServices.framework; path = /System/Library/Frameworks/ApplicationServices.framework; sourceTree = "<absolute>"; };
		F28CFC020A3EC0C6000ABFF5 /* QuickLook.framework */ = {isa = PBXFileReference; lastKnownFileType = wrapper.framework; name = QuickLook.framework; path = /System/Library/Frameworks/QuickLook.framework; sourceTree = "<absolute>"; };
/* End PBXFileReference section */

/* Begin PBXFrameworksBuildPhase section */
		8D576313048677EA00EA77CD /* Frameworks */ = {
			isa = PBXFrameworksBuildPhase;
			buildActionMask = 2147483647;
			files = (
				8D576314048677EA00EA77CD /* CoreFoundation.framework in Frameworks */,
				C86B05270671AA6E00DD9006 /* CoreServices.framework in Frameworks */,
				F28CFC030A3EC0C6000ABFF5 /* QuickLook.framework in Frameworks */,
				121D2FAA0D05364E003EB4F4 /* Cocoa.framework in Frameworks */,
				F28CFBFD0A3EC0AF000ABFF5 /* ApplicationServices.framework in Frameworks */,
			);
			runOnlyForDeploymentPostprocessing = 0;
		};
/* End PBXFrameworksBuildPhase section */

/* Begin PBXGroup section */
		089C166AFE841209C02AAC07 /* quickchm */ = {
			isa = PBXGroup;
			children = (
				D71D1A5B0E29E9D7007339A9 /* Readme.rtf */,
				123DB9CC0D07D322007FAFF3 /* LICENSE.rtf */,
				121D2FAC0D053736003EB4F4 /* prefix.pch */,
				08FB77AFFE84173DC02AAC07 /* Source */,
				089C167CFE841241C02AAC07 /* Resources */,
				089C1671FE841209C02AAC07 /* External Frameworks and Libraries */,
				19C28FB6FE9D52B211CA2CBB /* Products */,
			);
			name = quickchm;
			sourceTree = "<group>";
		};
		089C1671FE841209C02AAC07 /* External Frameworks and Libraries */ = {
			isa = PBXGroup;
			children = (
				121D2FA80D05364E003EB4F4 /* Cocoa.framework */,
				F28CFBFC0A3EC0AF000ABFF5 /* ApplicationServices.framework */,
				F28CFC020A3EC0C6000ABFF5 /* QuickLook.framework */,
				C86B05260671AA6E00DD9006 /* CoreServices.framework */,
				0AA1909FFE8422F4C02AAC07 /* CoreFoundation.framework */,
			);
			name = "External Frameworks and Libraries";
			sourceTree = "<group>";
		};
		089C167CFE841241C02AAC07 /* Resources */ = {
			isa = PBXGroup;
			children = (
				8D576317048677EA00EA77CD /* Info.plist */,
				8D5B49A704867FD3000E48DA /* InfoPlist.strings */,
			);
			name = Resources;
			sourceTree = "<group>";
		};
		08FB77AFFE84173DC02AAC07 /* Source */ = {
			isa = PBXGroup;
			children = (
				121D2F860D053636003EB4F4 /* chmlib */,
				121D2F8B0D053636003EB4F4 /* chmox */,
				D7758E660E16B15700E20BAE /* CHMURLProtocol.h */,
				D7758E670E16B15700E20BAE /* CHMURLProtocol.m */,
				61E3BCFA0870B4F2002186A0 /* GenerateThumbnailForURL.m */,
				2C05A19B06CAA52B00D84F6F /* GeneratePreviewForURL.m */,
				08FB77B6FE84183AC02AAC07 /* main.c */,
				D7812FD20E16B2BB00BD7A13 /* QuickChmPageAdaptor.h */,
				D7812FD30E16B2BB00BD7A13 /* QuickChmPageAdaptor.m */,
				D78130550E16BCB800BD7A13 /* StringUtil.h */,
				D78130560E16BCB800BD7A13 /* StringUtil.c */,
			);
			name = Source;
			sourceTree = "<group>";
		};
		121D2F860D053636003EB4F4 /* chmlib */ = {
			isa = PBXGroup;
			children = (
				121D2F870D053636003EB4F4 /* chm_lib.c */,
				121D2F880D053636003EB4F4 /* chm_lib.h */,
				121D2F890D053636003EB4F4 /* lzx.c */,
				121D2F8A0D053636003EB4F4 /* lzx.h */,
			);
			path = chmlib;
			sourceTree = "<group>";
		};
		121D2F8B0D053636003EB4F4 /* chmox */ = {
			isa = PBXGroup;
			children = (
				121D2F900D053636003EB4F4 /* CHMDocument.m */,
				121D2F910D053636003EB4F4 /* CHMDocument.h */,
				121D2F920D053636003EB4F4 /* CHMContainer.m */,
				121D2F930D053636003EB4F4 /* CHMContainer.h */,
				121D2F940D053636003EB4F4 /* CHMTableOfContents.h */,
				121D2F950D053636003EB4F4 /* CHMTableOfContents.m */,
				121D2F960D053636003EB4F4 /* CHMTopic.h */,
				121D2F970D053636003EB4F4 /* CHMTopic.m */,
			);
			path = chmox;
			sourceTree = "<group>";
		};
		19C28FB6FE9D52B211CA2CBB /* Products */ = {
			isa = PBXGroup;
			children = (
				8D576316048677EA00EA77CD /* quickchm.qlgenerator */,
			);
			name = Products;
			sourceTree = "<group>";
		};
/* End PBXGroup section */

/* Begin PBXHeadersBuildPhase section */
		8D57630E048677EA00EA77CD /* Headers */ = {
			isa = PBXHeadersBuildPhase;
			buildActionMask = 2147483647;
			files = (
				121D2F990D053636003EB4F4 /* chm_lib.h in Headers */,
				121D2F9B0D053636003EB4F4 /* lzx.h in Headers */,
				121D2FA10D053636003EB4F4 /* CHMDocument.h in Headers */,
				121D2FA30D053636003EB4F4 /* CHMContainer.h in Headers */,
				121D2FA40D053636003EB4F4 /* CHMTableOfContents.h in Headers */,
				121D2FA60D053636003EB4F4 /* CHMTopic.h in Headers */,
				121D2FAD0D053736003EB4F4 /* prefix.pch in Headers */,
				D7758E680E16B15700E20BAE /* CHMURLProtocol.h in Headers */,
				D7812FD40E16B2BB00BD7A13 /* QuickChmPageAdaptor.h in Headers */,
				D78130570E16BCB800BD7A13 /* StringUtil.h in Headers */,
			);
			runOnlyForDeploymentPostprocessing = 0;
		};
/* End PBXHeadersBuildPhase section */

/* Begin PBXNativeTarget section */
		8D57630D048677EA00EA77CD /* quickchm */ = {
			isa = PBXNativeTarget;
			buildConfigurationList = 2CA3261E0896AD4900168862 /* Build configuration list for PBXNativeTarget "quickchm" */;
			buildPhases = (
				8D57630E048677EA00EA77CD /* Headers */,
				8D57630F048677EA00EA77CD /* Resources */,
				8D576311048677EA00EA77CD /* Sources */,
				8D576313048677EA00EA77CD /* Frameworks */,
				8D576315048677EA00EA77CD /* Rez */,
				121D2FCF0D0539D6003EB4F4 /* ShellScript */,
			);
			buildRules = (
			);
			dependencies = (
			);
			name = quickchm;
			productInstallPath = /Library/QuickLook;
			productName = quickchm;
			productReference = 8D576316048677EA00EA77CD /* quickchm.qlgenerator */;
			productType = "com.apple.product-type.bundle";
		};
/* End PBXNativeTarget section */

/* Begin PBXProject section */
		089C1669FE841209C02AAC07 /* Project object */ = {
			isa = PBXProject;
			attributes = {
				LastUpgradeCheck = 0440;
			};
			buildConfigurationList = 2CA326220896AD4900168862 /* Build configuration list for PBXProject "quickchm" */;
			compatibilityVersion = "Xcode 3.2";
			developmentRegion = English;
			hasScannedForEncodings = 1;
			knownRegions = (
				en,
			);
			mainGroup = 089C166AFE841209C02AAC07 /* quickchm */;
			projectDirPath = "";
			projectRoot = "";
			targets = (
				8D57630D048677EA00EA77CD /* quickchm */,
			);
		};
/* End PBXProject section */

/* Begin PBXResourcesBuildPhase section */
		8D57630F048677EA00EA77CD /* Resources */ = {
			isa = PBXResourcesBuildPhase;
			buildActionMask = 2147483647;
			files = (
				8D5B49A804867FD3000E48DA /* InfoPlist.strings in Resources */,
				123DB9CD0D07D322007FAFF3 /* LICENSE.rtf in Resources */,
			);
			runOnlyForDeploymentPostprocessing = 0;
		};
/* End PBXResourcesBuildPhase section */

/* Begin PBXRezBuildPhase section */
		8D576315048677EA00EA77CD /* Rez */ = {
			isa = PBXRezBuildPhase;
			buildActionMask = 2147483647;
			files = (
			);
			runOnlyForDeploymentPostprocessing = 0;
		};
/* End PBXRezBuildPhase section */

/* Begin PBXShellScriptBuildPhase section */
		121D2FCF0D0539D6003EB4F4 /* ShellScript */ = {
			isa = PBXShellScriptBuildPhase;
			buildActionMask = 2147483647;
			files = (
			);
			inputPaths = (
			);
			outputPaths = (
			);
			runOnlyForDeploymentPostprocessing = 0;
			shellPath = /bin/sh;
			shellScript = "rm -rf ~/Desktop/quickchm.qlgenerator\ncp -R \"$BUILD_DIR/$CONFIGURATION/quickchm.qlgenerator\" ~/Desktop/\n";
		};
/* End PBXShellScriptBuildPhase section */

/* Begin PBXSourcesBuildPhase section */
		8D576311048677EA00EA77CD /* Sources */ = {
			isa = PBXSourcesBuildPhase;
			buildActionMask = 2147483647;
			files = (
				8D576312048677EA00EA77CD /* main.c in Sources */,
				2C05A19C06CAA52B00D84F6F /* GeneratePreviewForURL.m in Sources */,
				61E3BCFB0870B4F2002186A0 /* GenerateThumbnailForURL.m in Sources */,
				121D2F980D053636003EB4F4 /* chm_lib.c in Sources */,
				121D2F9A0D053636003EB4F4 /* lzx.c in Sources */,
				121D2FA00D053636003EB4F4 /* CHMDocument.m in Sources */,
				121D2FA20D053636003EB4F4 /* CHMContainer.m in Sources */,
				121D2FA50D053636003EB4F4 /* CHMTableOfContents.m in Sources */,
				121D2FA70D053636003EB4F4 /* CHMTopic.m in Sources */,
				D7758E690E16B15700E20BAE /* CHMURLProtocol.m in Sources */,
				D7812FD50E16B2BB00BD7A13 /* QuickChmPageAdaptor.m in Sources */,
				D78130580E16BCB800BD7A13 /* StringUtil.c in Sources */,
			);
			runOnlyForDeploymentPostprocessing = 0;
		};
/* End PBXSourcesBuildPhase section */

/* Begin PBXVariantGroup section */
		8D5B49A704867FD3000E48DA /* InfoPlist.strings */ = {
			isa = PBXVariantGroup;
			children = (
				089C167EFE841241C02AAC07 /* English */,
			);
			name = InfoPlist.strings;
			sourceTree = "<group>";
		};
/* End PBXVariantGroup section */

/* Begin XCBuildConfiguration section */
		2CA3261F0896AD4900168862 /* Debug */ = {
			isa = XCBuildConfiguration;
			buildSettings = {
				ARCHS = "$(ARCHS_STANDARD_64_BIT)";
				COMBINE_HIDPI_IMAGES = YES;
				COPY_PHASE_STRIP = NO;
				FRAMEWORK_SEARCH_PATHS = (
					"$(inherited)",
					"\"$(SYSTEM_LIBRARY_DIR)/PrivateFrameworks\"",
				);
				GCC_C_LANGUAGE_STANDARD = gnu99;
				GCC_DYNAMIC_NO_PIC = NO;
				GCC_OPTIMIZATION_LEVEL = 2;
				GCC_PRECOMPILE_PREFIX_HEADER = YES;
				GCC_PREFIX_HEADER = prefix.pch;
				GENERATE_PKGINFO_FILE = YES;
				HEADER_SEARCH_PATHS = /usr/include/libxml2;
				INFOPLIST_FILE = Info.plist;
				INSTALL_PATH = /Library/QuickLook;
				OTHER_CFLAGS = "-DDEBUG_MODE";
				OTHER_CPLUSPLUSFLAGS = "$(OTHER_CFLAGS)";
				OTHER_LDFLAGS = (
					"-lxml2",
					"-lcrypto",
				);
				PRODUCT_NAME = quickchm;
				VALID_ARCHS = x86_64;
				WRAPPER_EXTENSION = qlgenerator;
			};
			name = Debug;
		};
		2CA326200896AD4900168862 /* Release */ = {
			isa = XCBuildConfiguration;
			buildSettings = {
				ARCHS = "$(ARCHS_STANDARD_64_BIT)";
				COMBINE_HIDPI_IMAGES = YES;
				DEBUG_INFORMATION_FORMAT = "dwarf-with-dsym";
				FRAMEWORK_SEARCH_PATHS = (
					"$(inherited)",
					"\"$(SYSTEM_LIBRARY_DIR)/PrivateFrameworks\"",
				);
				GCC_C_LANGUAGE_STANDARD = gnu99;
				GCC_PRECOMPILE_PREFIX_HEADER = YES;
				GCC_PREFIX_HEADER = prefix.pch;
				GENERATE_PKGINFO_FILE = NO;
				HEADER_SEARCH_PATHS = /usr/include/libxml2;
				INFOPLIST_FILE = Info.plist;
				INSTALL_PATH = /Library/QuickLook;
				OTHER_CFLAGS = "";
				OTHER_CPLUSPLUSFLAGS = "$(OTHER_CFLAGS)";
				OTHER_LDFLAGS = (
					"-lxml2",
					"-lcrypto",
				);
				PRODUCT_NAME = quickchm;
				VALID_ARCHS = x86_64;
				WRAPPER_EXTENSION = qlgenerator;
			};
			name = Release;
		};
		2CA326230896AD4900168862 /* Debug */ = {
			isa = XCBuildConfiguration;
			buildSettings = {
				ARCHS = "$(ARCHS_STANDARD_64_BIT)";
				CLANG_ANALYZER_SECURITY_FLOATLOOPCOUNTER = YES;
				CLANG_ANALYZER_SECURITY_INSECUREAPI_RAND = YES;
				CLANG_ANALYZER_SECURITY_INSECUREAPI_STRCPY = YES;
				CLANG_WARN_CXX0X_EXTENSIONS = YES;
				CLANG_WARN_DEPRECATED_OBJC_IMPLEMENTATIONS = YES;
				CLANG_WARN_OBJCPP_ARC_ABI = YES;
				CLANG_WARN_OBJC_RECEIVER_WEAK = YES;
				CLANG_WARN_SUSPICIOUS_IMPLICIT_CONVERSION = YES;
				CLANG_WARN__DUPLICATE_METHOD_MATCH = YES;
				GCC_C_LANGUAGE_STANDARD = gnu99;
				GCC_OPTIMIZATION_LEVEL = 2;
				GCC_PREPROCESSOR_DEFINITIONS = (
					CHM_USE_PREAD,
					CHM_MT,
				);
				GCC_WARN_ABOUT_MISSING_FIELD_INITIALIZERS = YES;
				GCC_WARN_ABOUT_MISSING_NEWLINE = YES;
				GCC_WARN_ABOUT_MISSING_PROTOTYPES = YES;
				GCC_WARN_ABOUT_RETURN_TYPE = YES;
				GCC_WARN_INITIALIZER_NOT_FULLY_BRACKETED = YES;
				GCC_WARN_MULTIPLE_DEFINITION_TYPES_FOR_SELECTOR = YES;
				GCC_WARN_SHADOW = YES;
				GCC_WARN_STRICT_SELECTOR_MATCH = YES;
				GCC_WARN_UNDECLARED_SELECTOR = YES;
				GCC_WARN_UNINITIALIZED_AUTOS = YES;
				GCC_WARN_UNKNOWN_PRAGMAS = YES;
				GCC_WARN_UNUSED_VARIABLE = YES;
				HEADER_SEARCH_PATHS = "/Applications/Xcode.app/Contents/Developer/Platforms/MacOSX.platform/Developer/SDKs/MacOSX10.8.sdk/usr/include/libxml2/**";
				ONLY_ACTIVE_ARCH = YES;
				OTHER_LDFLAGS = (
					"-lxml2",
					"-lcrypto",
				);
				RUN_CLANG_STATIC_ANALYZER = YES;
				SDKROOT = macosx;
				VALID_ARCHS = x86_64;
			};
			name = Debug;
		};
		2CA326240896AD4900168862 /* Release */ = {
			isa = XCBuildConfiguration;
			buildSettings = {
				ARCHS = "$(ARCHS_STANDARD_64_BIT)";
				CLANG_ANALYZER_SECURITY_FLOATLOOPCOUNTER = YES;
				CLANG_ANALYZER_SECURITY_INSECUREAPI_RAND = YES;
				CLANG_ANALYZER_SECURITY_INSECUREAPI_STRCPY = YES;
				CLANG_WARN_CXX0X_EXTENSIONS = YES;
				CLANG_WARN_DEPRECATED_OBJC_IMPLEMENTATIONS = YES;
				CLANG_WARN_OBJCPP_ARC_ABI = YES;
				CLANG_WARN_OBJC_RECEIVER_WEAK = YES;
				CLANG_WARN_SUSPICIOUS_IMPLICIT_CONVERSION = YES;
				CLANG_WARN__DUPLICATE_METHOD_MATCH = YES;
				GCC_C_LANGUAGE_STANDARD = gnu99;
				GCC_GENERATE_DEBUGGING_SYMBOLS = NO;
				GCC_OPTIMIZATION_LEVEL = 3;
				GCC_PREPROCESSOR_DEFINITIONS = (
					__universal__,
					CHM_USE_PREAD,
					CHM_MT,
				);
				GCC_WARN_ABOUT_MISSING_FIELD_INITIALIZERS = YES;
				GCC_WARN_ABOUT_MISSING_NEWLINE = YES;
				GCC_WARN_ABOUT_MISSING_PROTOTYPES = YES;
				GCC_WARN_ABOUT_RETURN_TYPE = YES;
				GCC_WARN_INITIALIZER_NOT_FULLY_BRACKETED = YES;
				GCC_WARN_MULTIPLE_DEFINITION_TYPES_FOR_SELECTOR = YES;
				GCC_WARN_SHADOW = YES;
				GCC_WARN_STRICT_SELECTOR_MATCH = YES;
				GCC_WARN_UNDECLARED_SELECTOR = YES;
				GCC_WARN_UNINITIALIZED_AUTOS = YES;
				GCC_WARN_UNKNOWN_PRAGMAS = YES;
				GCC_WARN_UNUSED_VARIABLE = YES;
				ONLY_ACTIVE_ARCH = YES;
				RUN_CLANG_STATIC_ANALYZER = YES;
				SDKROOT = macosx;
				VALID_ARCHS = x86_64;
			};
			name = Release;
		};
/* End XCBuildConfiguration section */

/* Begin XCConfigurationList section */
		2CA3261E0896AD4900168862 /* Build configuration list for PBXNativeTarget "quickchm" */ = {
			isa = XCConfigurationList;
			buildConfigurations = (
				2CA3261F0896AD4900168862 /* Debug */,
				2CA326200896AD4900168862 /* Release */,
			);
			defaultConfigurationIsVisible = 0;
			defaultConfigurationName = Release;
		};
		2CA326220896AD4900168862 /* Build configuration list for PBXProject "quickchm" */ = {
			isa = XCConfigurationList;
			buildConfigurations = (
				2CA326230896AD4900168862 /* Debug */,
				2CA326240896AD4900168862 /* Release */,
			);
			defaultConfigurationIsVisible = 0;
			defaultConfigurationName = Release;
		};
/* End XCConfigurationList section */
	};
	rootObject = 089C1669FE841209C02AAC07 /* Project object */;
}
